
Microsoft Visual Studio Solution File, Format Version 12.00
# Visual Studio Version 17
VisualStudioVersion = 17.3.32922.545
MinimumVisualStudioVersion = 10.0.40219.1
Project("{9A19103F-16F7-4668-BE54-9A1E7A4F7556}") = "UsersAPI", "UsersAPI\UsersAPI.csproj", "{879C71CD-3DCA-4602-A117-144300D7C615}"
EndProject
Project("{FAE04EC0-301F-11D3-BF4B-00C04F79EFBC}") = "UserAPI", "UserAPI\UserAPI.csproj", "{AD7FBFEF-3261-4CE4-AD01-593046D0CF7A}"
EndProject
Global
	GlobalSection(SolutionConfigurationPlatforms) = preSolution
		Debug|Any CPU = Debug|Any CPU
		Release|Any CPU = Release|Any CPU
	EndGlobalSection
	GlobalSection(ProjectConfigurationPlatforms) = postSolution
		{879C71CD-3DCA-4602-A117-144300D7C615}.Debug|Any CPU.ActiveCfg = Debug|Any CPU
		{879C71CD-3DCA-4602-A117-144300D7C615}.Debug|Any CPU.Build.0 = Debug|Any CPU
		{879C71CD-3DCA-4602-A117-144300D7C615}.Release|Any CPU.ActiveCfg = Release|Any CPU
		{879C71CD-3DCA-4602-A117-144300D7C615}.Release|Any CPU.Build.0 = Release|Any CPU
		{AD7FBFEF-3261-4CE4-AD01-593046D0CF7A}.Debug|Any CPU.ActiveCfg = Debug|Any CPU
		{AD7FBFEF-3261-4CE4-AD01-593046D0CF7A}.Debug|Any CPU.Build.0 = Debug|Any CPU
		{AD7FBFEF-3261-4CE4-AD01-593046D0CF7A}.Release|Any CPU.ActiveCfg = Release|Any CPU
		{AD7FBFEF-3261-4CE4-AD01-593046D0CF7A}.Release|Any CPU.Build.0 = Release|Any CPU
	EndGlobalSection
	GlobalSection(SolutionProperties) = preSolution
		HideSolutionNode = FALSE
	EndGlobalSection
	GlobalSection(ExtensibilityGlobals) = postSolution
		SolutionGuid = {28D63D65-ED3E-4B89-A3FC-AF4D9ED4E3F9}
	EndGlobalSection
EndGlobal
